
Microsoft Visual Studio Solution File, Format Version 12.00
# Visual Studio 14
VisualStudioVersion = 14.0.25420.1
MinimumVisualStudioVersion = 10.0.40219.1
Project("{FAE04EC0-301F-11D3-BF4B-00C04F79EFBC}") = "RotateAndSum", "RotateAndSum\RotateAndSum.csproj", "{00A083EF-C02A-4402-96C2-326052E1D1C6}"
EndProject
Project("{FAE04EC0-301F-11D3-BF4B-00C04F79EFBC}") = "LargestCommonEnd", "LargestCommonEnd\LargestCommonEnd.csproj", "{2E1AC00B-4D6F-433C-8324-B21795D41B10}"
EndProject
Project("{FAE04EC0-301F-11D3-BF4B-00C04F79EFBC}") = "foldAndSum", "foldAndSum\foldAndSum.csproj", "{B3A57873-A0CD-4278-8A38-F58DBEB73B15}"
EndProject
Project("{FAE04EC0-301F-11D3-BF4B-00C04F79EFBC}") = "SieveOfEratsthones", "SieveOfEratsthones\SieveOfEratsthones.csproj", "{7F0776A4-E048-45E8-A32D-DE71B88B7AC8}"
EndProject
Project("{FAE04EC0-301F-11D3-BF4B-00C04F79EFBC}") = "CompareCharArrays", "CompareCharArrays\CompareCharArrays.csproj", "{EBEFAF6C-40EE-4E98-8B3B-25683AE4C486}"
EndProject
Project("{FAE04EC0-301F-11D3-BF4B-00C04F79EFBC}") = "MaxSequenceOfEquelElements", "MaxSequenceOfEquelElements\MaxSequenceOfEquelElements.csproj", "{4F6216A4-F117-4872-9B14-F4CD9D88CBEB}"
EndProject
Project("{FAE04EC0-301F-11D3-BF4B-00C04F79EFBC}") = "ConsoleApplication1", "ConsoleApplication1\ConsoleApplication1.csproj", "{D5A74982-6EB7-4002-81E3-2DC54F1A6643}"
EndProject
Project("{FAE04EC0-301F-11D3-BF4B-00C04F79EFBC}") = "IndexOfLetter", "IndexOfLetter\IndexOfLetter.csproj", "{4A7D245E-31BA-4045-914A-C495ECD70630}"
EndProject
Project("{FAE04EC0-301F-11D3-BF4B-00C04F79EFBC}") = "PairsByDifference", "PairsByDifference\PairsByDifference.csproj", "{CD183DB6-B6CB-4148-81A4-FF3D2505D4AA}"
EndProject
Project("{FAE04EC0-301F-11D3-BF4B-00C04F79EFBC}") = "EqualSums", "EqualSums\EqualSums.csproj", "{26C19955-F939-4318-AEF5-FFF4405CBE0A}"
EndProject
Project("{FAE04EC0-301F-11D3-BF4B-00C04F79EFBC}") = "MostFriquentElement", "MostFriquentElement\MostFriquentElement.csproj", "{F39A9839-5121-425C-A5A1-6DADA9B263A5}"
EndProject
Project("{FAE04EC0-301F-11D3-BF4B-00C04F79EFBC}") = "MaxSequenceOfIncreasingElements", "MaxSequenceOfIncreasingElements\MaxSequenceOfIncreasingElements.csproj", "{846D1191-CB7B-41C6-AC1B-9635A8C00A0A}"
EndProject
Global
	GlobalSection(SolutionConfigurationPlatforms) = preSolution
		Debug|Any CPU = Debug|Any CPU
		Release|Any CPU = Release|Any CPU
	EndGlobalSection
	GlobalSection(ProjectConfigurationPlatforms) = postSolution
		{00A083EF-C02A-4402-96C2-326052E1D1C6}.Debug|Any CPU.ActiveCfg = Debug|Any CPU
		{00A083EF-C02A-4402-96C2-326052E1D1C6}.Debug|Any CPU.Build.0 = Debug|Any CPU
		{00A083EF-C02A-4402-96C2-326052E1D1C6}.Release|Any CPU.ActiveCfg = Release|Any CPU
		{00A083EF-C02A-4402-96C2-326052E1D1C6}.Release|Any CPU.Build.0 = Release|Any CPU
		{2E1AC00B-4D6F-433C-8324-B21795D41B10}.Debug|Any CPU.ActiveCfg = Debug|Any CPU
		{2E1AC00B-4D6F-433C-8324-B21795D41B10}.Debug|Any CPU.Build.0 = Debug|Any CPU
		{2E1AC00B-4D6F-433C-8324-B21795D41B10}.Release|Any CPU.ActiveCfg = Release|Any CPU
		{2E1AC00B-4D6F-433C-8324-B21795D41B10}.Release|Any CPU.Build.0 = Release|Any CPU
		{B3A57873-A0CD-4278-8A38-F58DBEB73B15}.Debug|Any CPU.ActiveCfg = Debug|Any CPU
		{B3A57873-A0CD-4278-8A38-F58DBEB73B15}.Debug|Any CPU.Build.0 = Debug|Any CPU
		{B3A57873-A0CD-4278-8A38-F58DBEB73B15}.Release|Any CPU.ActiveCfg = Release|Any CPU
		{B3A57873-A0CD-4278-8A38-F58DBEB73B15}.Release|Any CPU.Build.0 = Release|Any CPU
		{7F0776A4-E048-45E8-A32D-DE71B88B7AC8}.Debug|Any CPU.ActiveCfg = Debug|Any CPU
		{7F0776A4-E048-45E8-A32D-DE71B88B7AC8}.Debug|Any CPU.Build.0 = Debug|Any CPU
		{7F0776A4-E048-45E8-A32D-DE71B88B7AC8}.Release|Any CPU.ActiveCfg = Release|Any CPU
		{7F0776A4-E048-45E8-A32D-DE71B88B7AC8}.Release|Any CPU.Build.0 = Release|Any CPU
		{EBEFAF6C-40EE-4E98-8B3B-25683AE4C486}.Debug|Any CPU.ActiveCfg = Debug|Any CPU
		{EBEFAF6C-40EE-4E98-8B3B-25683AE4C486}.Debug|Any CPU.Build.0 = Debug|Any CPU
		{EBEFAF6C-40EE-4E98-8B3B-25683AE4C486}.Release|Any CPU.ActiveCfg = Release|Any CPU
		{EBEFAF6C-40EE-4E98-8B3B-25683AE4C486}.Release|Any CPU.Build.0 = Release|Any CPU
		{4F6216A4-F117-4872-9B14-F4CD9D88CBEB}.Debug|Any CPU.ActiveCfg = Debug|Any CPU
		{4F6216A4-F117-4872-9B14-F4CD9D88CBEB}.Debug|Any CPU.Build.0 = Debug|Any CPU
		{4F6216A4-F117-4872-9B14-F4CD9D88CBEB}.Release|Any CPU.ActiveCfg = Release|Any CPU
		{4F6216A4-F117-4872-9B14-F4CD9D88CBEB}.Release|Any CPU.Build.0 = Release|Any CPU
		{D5A74982-6EB7-4002-81E3-2DC54F1A6643}.Debug|Any CPU.ActiveCfg = Debug|Any CPU
		{D5A74982-6EB7-4002-81E3-2DC54F1A6643}.Debug|Any CPU.Build.0 = Debug|Any CPU
		{D5A74982-6EB7-4002-81E3-2DC54F1A6643}.Release|Any CPU.ActiveCfg = Release|Any CPU
		{D5A74982-6EB7-4002-81E3-2DC54F1A6643}.Release|Any CPU.Build.0 = Release|Any CPU
		{4A7D245E-31BA-4045-914A-C495ECD70630}.Debug|Any CPU.ActiveCfg = Debug|Any CPU
		{4A7D245E-31BA-4045-914A-C495ECD70630}.Debug|Any CPU.Build.0 = Debug|Any CPU
		{4A7D245E-31BA-4045-914A-C495ECD70630}.Release|Any CPU.ActiveCfg = Release|Any CPU
		{4A7D245E-31BA-4045-914A-C495ECD70630}.Release|Any CPU.Build.0 = Release|Any CPU
		{CD183DB6-B6CB-4148-81A4-FF3D2505D4AA}.Debug|Any CPU.ActiveCfg = Debug|Any CPU
		{CD183DB6-B6CB-4148-81A4-FF3D2505D4AA}.Debug|Any CPU.Build.0 = Debug|Any CPU
		{CD183DB6-B6CB-4148-81A4-FF3D2505D4AA}.Release|Any CPU.ActiveCfg = Release|Any CPU
		{CD183DB6-B6CB-4148-81A4-FF3D2505D4AA}.Release|Any CPU.Build.0 = Release|Any CPU
		{26C19955-F939-4318-AEF5-FFF4405CBE0A}.Debug|Any CPU.ActiveCfg = Debug|Any CPU
		{26C19955-F939-4318-AEF5-FFF4405CBE0A}.Debug|Any CPU.Build.0 = Debug|Any CPU
		{26C19955-F939-4318-AEF5-FFF4405CBE0A}.Release|Any CPU.ActiveCfg = Release|Any CPU
		{26C19955-F939-4318-AEF5-FFF4405CBE0A}.Release|Any CPU.Build.0 = Release|Any CPU
		{F39A9839-5121-425C-A5A1-6DADA9B263A5}.Debug|Any CPU.ActiveCfg = Debug|Any CPU
		{F39A9839-5121-425C-A5A1-6DADA9B263A5}.Debug|Any CPU.Build.0 = Debug|Any CPU
		{F39A9839-5121-425C-A5A1-6DADA9B263A5}.Release|Any CPU.ActiveCfg = Release|Any CPU
		{F39A9839-5121-425C-A5A1-6DADA9B263A5}.Release|Any CPU.Build.0 = Release|Any CPU
		{846D1191-CB7B-41C6-AC1B-9635A8C00A0A}.Debug|Any CPU.ActiveCfg = Debug|Any CPU
		{846D1191-CB7B-41C6-AC1B-9635A8C00A0A}.Debug|Any CPU.Build.0 = Debug|Any CPU
		{846D1191-CB7B-41C6-AC1B-9635A8C00A0A}.Release|Any CPU.ActiveCfg = Release|Any CPU
		{846D1191-CB7B-41C6-AC1B-9635A8C00A0A}.Release|Any CPU.Build.0 = Release|Any CPU
	EndGlobalSection
	GlobalSection(SolutionProperties) = preSolution
		HideSolutionNode = FALSE
	EndGlobalSection
EndGlobal
