
Microsoft Visual Studio Solution File, Format Version 12.00
# Visual Studio 14
VisualStudioVersion = 14.0.25420.1
MinimumVisualStudioVersion = 10.0.40219.1
Project("{FAE04EC0-301F-11D3-BF4B-00C04F79EFBC}") = "removeNegativesAndRemove", "removeNegativesAndRemove\removeNegativesAndRemove.csproj", "{4D5CE235-8C51-4FDE-B55A-58043B0F7F12}"
EndProject
Project("{FAE04EC0-301F-11D3-BF4B-00C04F79EFBC}") = "AppendList", "AppendList\AppendList.csproj", "{C0CF51DE-9810-4953-A322-2FE8226ECBC2}"
EndProject
Project("{FAE04EC0-301F-11D3-BF4B-00C04F79EFBC}") = "SumAdjecentEqualNumber", "SumAdjecentEqualNumber\SumAdjecentEqualNumber.csproj", "{8A99BD79-6167-4101-AC14-B0C9682667E7}"
EndProject
Project("{FAE04EC0-301F-11D3-BF4B-00C04F79EFBC}") = "SplitWordByCasing", "SplitWordByCasing\SplitWordByCasing.csproj", "{42D736A6-A351-4F8F-8D0A-28E558140DF1}"
EndProject
Project("{FAE04EC0-301F-11D3-BF4B-00C04F79EFBC}") = "SortNumber", "SortNumber\SortNumber.csproj", "{A49616BA-80A5-4A5D-8D13-1941B1409595}"
EndProject
Project("{FAE04EC0-301F-11D3-BF4B-00C04F79EFBC}") = "SquareNumbers", "SquareNumbers\SquareNumbers.csproj", "{63EACA38-518A-4604-8193-B44BAE4757A8}"
EndProject
Project("{FAE04EC0-301F-11D3-BF4B-00C04F79EFBC}") = "CountNumber", "CountNumber\CountNumber.csproj", "{5379C538-40EC-40AA-AC6C-8E6A9D42D91B}"
EndProject
Global
	GlobalSection(SolutionConfigurationPlatforms) = preSolution
		Debug|Any CPU = Debug|Any CPU
		Release|Any CPU = Release|Any CPU
	EndGlobalSection
	GlobalSection(ProjectConfigurationPlatforms) = postSolution
		{4D5CE235-8C51-4FDE-B55A-58043B0F7F12}.Debug|Any CPU.ActiveCfg = Debug|Any CPU
		{4D5CE235-8C51-4FDE-B55A-58043B0F7F12}.Debug|Any CPU.Build.0 = Debug|Any CPU
		{4D5CE235-8C51-4FDE-B55A-58043B0F7F12}.Release|Any CPU.ActiveCfg = Release|Any CPU
		{4D5CE235-8C51-4FDE-B55A-58043B0F7F12}.Release|Any CPU.Build.0 = Release|Any CPU
		{C0CF51DE-9810-4953-A322-2FE8226ECBC2}.Debug|Any CPU.ActiveCfg = Debug|Any CPU
		{C0CF51DE-9810-4953-A322-2FE8226ECBC2}.Debug|Any CPU.Build.0 = Debug|Any CPU
		{C0CF51DE-9810-4953-A322-2FE8226ECBC2}.Release|Any CPU.ActiveCfg = Release|Any CPU
		{C0CF51DE-9810-4953-A322-2FE8226ECBC2}.Release|Any CPU.Build.0 = Release|Any CPU
		{8A99BD79-6167-4101-AC14-B0C9682667E7}.Debug|Any CPU.ActiveCfg = Debug|Any CPU
		{8A99BD79-6167-4101-AC14-B0C9682667E7}.Debug|Any CPU.Build.0 = Debug|Any CPU
		{8A99BD79-6167-4101-AC14-B0C9682667E7}.Release|Any CPU.ActiveCfg = Release|Any CPU
		{8A99BD79-6167-4101-AC14-B0C9682667E7}.Release|Any CPU.Build.0 = Release|Any CPU
		{42D736A6-A351-4F8F-8D0A-28E558140DF1}.Debug|Any CPU.ActiveCfg = Debug|Any CPU
		{42D736A6-A351-4F8F-8D0A-28E558140DF1}.Debug|Any CPU.Build.0 = Debug|Any CPU
		{42D736A6-A351-4F8F-8D0A-28E558140DF1}.Release|Any CPU.ActiveCfg = Release|Any CPU
		{42D736A6-A351-4F8F-8D0A-28E558140DF1}.Release|Any CPU.Build.0 = Release|Any CPU
		{A49616BA-80A5-4A5D-8D13-1941B1409595}.Debug|Any CPU.ActiveCfg = Debug|Any CPU
		{A49616BA-80A5-4A5D-8D13-1941B1409595}.Debug|Any CPU.Build.0 = Debug|Any CPU
		{A49616BA-80A5-4A5D-8D13-1941B1409595}.Release|Any CPU.ActiveCfg = Release|Any CPU
		{A49616BA-80A5-4A5D-8D13-1941B1409595}.Release|Any CPU.Build.0 = Release|Any CPU
		{63EACA38-518A-4604-8193-B44BAE4757A8}.Debug|Any CPU.ActiveCfg = Debug|Any CPU
		{63EACA38-518A-4604-8193-B44BAE4757A8}.Debug|Any CPU.Build.0 = Debug|Any CPU
		{63EACA38-518A-4604-8193-B44BAE4757A8}.Release|Any CPU.ActiveCfg = Release|Any CPU
		{63EACA38-518A-4604-8193-B44BAE4757A8}.Release|Any CPU.Build.0 = Release|Any CPU
		{5379C538-40EC-40AA-AC6C-8E6A9D42D91B}.Debug|Any CPU.ActiveCfg = Debug|Any CPU
		{5379C538-40EC-40AA-AC6C-8E6A9D42D91B}.Debug|Any CPU.Build.0 = Debug|Any CPU
		{5379C538-40EC-40AA-AC6C-8E6A9D42D91B}.Release|Any CPU.ActiveCfg = Release|Any CPU
		{5379C538-40EC-40AA-AC6C-8E6A9D42D91B}.Release|Any CPU.Build.0 = Release|Any CPU
	EndGlobalSection
	GlobalSection(SolutionProperties) = preSolution
		HideSolutionNode = FALSE
	EndGlobalSection
EndGlobal
